
Microsoft Visual Studio Solution File, Format Version 12.00
# Visual Studio Version 17
VisualStudioVersion = 17.11.35312.102
MinimumVisualStudioVersion = 10.0.40219.1
Project("{FAE04EC0-301F-11D3-BF4B-00C04F79EFBC}") = "HR_Helper", "HR_Helper\HR_Helper.csproj", "{CF13B7A8-40F0-460B-A03C-EF3DB5547C4D}"
EndProject
Global
	GlobalSection(SolutionConfigurationPlatforms) = preSolution
		Debug|Any CPU = Debug|Any CPU
		Release|Any CPU = Release|Any CPU
	EndGlobalSection
	GlobalSection(ProjectConfigurationPlatforms) = postSolution
		{CF13B7A8-40F0-460B-A03C-EF3DB5547C4D}.Debug|Any CPU.ActiveCfg = Debug|Any CPU
		{CF13B7A8-40F0-460B-A03C-EF3DB5547C4D}.Debug|Any CPU.Build.0 = Debug|Any CPU
		{CF13B7A8-40F0-460B-A03C-EF3DB5547C4D}.Release|Any CPU.ActiveCfg = Release|Any CPU
		{CF13B7A8-40F0-460B-A03C-EF3DB5547C4D}.Release|Any CPU.Build.0 = Release|Any CPU
	EndGlobalSection
	GlobalSection(SolutionProperties) = preSolution
		HideSolutionNode = FALSE
	EndGlobalSection
	GlobalSection(ExtensibilityGlobals) = postSolution
		SolutionGuid = {E34F60ED-19F5-4A5B-96D2-70B64E25F3B8}
	EndGlobalSection
EndGlobal
